
Microsoft Visual Studio Solution File, Format Version 12.00
# Visual Studio Version 16
VisualStudioVersion = 16.0.29806.167
MinimumVisualStudioVersion = 10.0.40219.1
Project("{FAE04EC0-301F-11D3-BF4B-00C04F79EFBC}") = "ArrayProcessForm", "ArrayProcessForm\ArrayProcessForm.csproj", "{3DBA1B54-1AA6-4833-8538-68084F35FB37}"
EndProject
Project("{FAE04EC0-301F-11D3-BF4B-00C04F79EFBC}") = "Tests", "Lab1Tests\Tests.csproj", "{2EB25601-BDFA-44FF-AC60-E03D956AB6BE}"
EndProject
Global
	GlobalSection(SolutionConfigurationPlatforms) = preSolution
		Debug|Any CPU = Debug|Any CPU
		Release|Any CPU = Release|Any CPU
	EndGlobalSection
	GlobalSection(ProjectConfigurationPlatforms) = postSolution
		{3DBA1B54-1AA6-4833-8538-68084F35FB37}.Debug|Any CPU.ActiveCfg = Debug|Any CPU
		{3DBA1B54-1AA6-4833-8538-68084F35FB37}.Debug|Any CPU.Build.0 = Debug|Any CPU
		{3DBA1B54-1AA6-4833-8538-68084F35FB37}.Release|Any CPU.ActiveCfg = Release|Any CPU
		{3DBA1B54-1AA6-4833-8538-68084F35FB37}.Release|Any CPU.Build.0 = Release|Any CPU
		{2EB25601-BDFA-44FF-AC60-E03D956AB6BE}.Debug|Any CPU.ActiveCfg = Debug|Any CPU
		{2EB25601-BDFA-44FF-AC60-E03D956AB6BE}.Debug|Any CPU.Build.0 = Debug|Any CPU
		{2EB25601-BDFA-44FF-AC60-E03D956AB6BE}.Release|Any CPU.ActiveCfg = Release|Any CPU
		{2EB25601-BDFA-44FF-AC60-E03D956AB6BE}.Release|Any CPU.Build.0 = Release|Any CPU
	EndGlobalSection
	GlobalSection(SolutionProperties) = preSolution
		HideSolutionNode = FALSE
	EndGlobalSection
	GlobalSection(ExtensibilityGlobals) = postSolution
		SolutionGuid = {C9599195-D441-4E14-85D5-17EEDC1E268F}
	EndGlobalSection
EndGlobal
